{
  "version": 4,
  "terraform_version": "1.9.2",
  "serial": 1374,
  "lineage": "ff9f99c5-ea47-0287-1341-b1049df2adc8",
  "outputs": {},
  "resources": [
    {
      "mode": "data",
      "type": "aws_route53_zone",
      "name": "Route53-data",
      "provider": "provider[\"registry.terraform.io/hashicorp/aws\"].us_west_2",
      "instances": [
        {
          "schema_version": 0,
          "attributes": {
            "arn": "arn:aws:route53:::hostedzone/Z04144663DGNHP72V86G6",
            "caller_reference": "RISWorkflow-RD:1c02f80d-649f-41c7-a672-da2dac646101",
            "comment": "HostedZone created by Route53 Registrar",
            "id": "Z04144663DGNHP72V86G6",
            "linked_service_description": null,
            "linked_service_principal": null,
            "name": "sumcloud.net",
            "name_servers": [
              "ns-1896.awsdns-45.co.uk",
              "ns-529.awsdns-02.net",
              "ns-393.awsdns-49.com",
              "ns-1527.awsdns-62.org"
            ],
            "primary_name_server": "ns-1896.awsdns-45.co.uk",
            "private_zone": false,
            "resource_record_set_count": 2,
            "tags": {},
            "vpc_id": null,
            "zone_id": "Z04144663DGNHP72V86G6"
          },
          "sensitive_attributes": []
        }
      ]
    },
    {
      "mode": "managed",
      "type": "aws_acm_certificate",
      "name": "acm-certificate",
      "provider": "provider[\"registry.terraform.io/hashicorp/aws\"].us_east_1",
      "instances": [
        {
          "schema_version": 0,
          "attributes": {
            "arn": "arn:aws:acm:us-east-1:975955791414:certificate/32623879-4ccd-43a4-b1e9-7d19fe71ccab",
            "certificate_authority_arn": "",
            "certificate_body": null,
            "certificate_chain": null,
            "domain_name": "sumcloud.net",
            "domain_validation_options": [
              {
                "domain_name": "sumcloud.net",
                "resource_record_name": "_ecedcc3999d0f1ae08d6e5d68fe61011.sumcloud.net.",
                "resource_record_type": "CNAME",
                "resource_record_value": "_f77bd4cf698571c8b1e03b0460ebb1c4.mhbtsbpdnt.acm-validations.aws."
              },
              {
                "domain_name": "www.sumcloud.net",
                "resource_record_name": "_daed17cc51bcdcb434d23f1b4dbb627c.www.sumcloud.net.",
                "resource_record_type": "CNAME",
                "resource_record_value": "_ac5d6d9741f14001e9a041e2fc633837.mhbtsbpdnt.acm-validations.aws."
              }
            ],
            "early_renewal_duration": "",
            "id": "arn:aws:acm:us-east-1:975955791414:certificate/32623879-4ccd-43a4-b1e9-7d19fe71ccab",
            "key_algorithm": "RSA_2048",
            "not_after": "",
            "not_before": "",
            "options": [
              {
                "certificate_transparency_logging_preference": "ENABLED"
              }
            ],
            "pending_renewal": false,
            "private_key": null,
            "renewal_eligibility": "INELIGIBLE",
            "renewal_summary": [],
            "status": "PENDING_VALIDATION",
            "subject_alternative_names": [
              "sumcloud.net",
              "www.sumcloud.net"
            ],
            "tags": null,
            "tags_all": {},
            "type": "AMAZON_ISSUED",
            "validation_emails": [],
            "validation_method": "DNS",
            "validation_option": []
          },
          "sensitive_attributes": [
            [
              {
                "type": "get_attr",
                "value": "private_key"
              }
            ]
          ],
          "private": "bnVsbA==",
          "create_before_destroy": true
        }
      ]
    },
    {
      "mode": "managed",
      "type": "aws_acm_certificate_validation",
      "name": "certificate_validation",
      "provider": "provider[\"registry.terraform.io/hashicorp/aws\"].us_east_1",
      "instances": [
        {
          "schema_version": 0,
          "attributes": {
            "certificate_arn": "arn:aws:acm:us-east-1:975955791414:certificate/32623879-4ccd-43a4-b1e9-7d19fe71ccab",
            "id": "2024-09-26 04:20:07.091 +0000 UTC",
            "timeouts": null,
            "validation_record_fqdns": [
              "_daed17cc51bcdcb434d23f1b4dbb627c.www.sumcloud.net",
              "_ecedcc3999d0f1ae08d6e5d68fe61011.sumcloud.net"
            ]
          },
          "sensitive_attributes": [],
          "private": "eyJlMmJmYjczMC1lY2FhLTExZTYtOGY4OC0zNDM2M2JjN2M0YzAiOnsiY3JlYXRlIjo0NTAwMDAwMDAwMDAwfX0=",
          "dependencies": [
            "aws_acm_certificate.acm-certificate",
            "aws_route53_record.cert-validation",
            "data.aws_route53_zone.Route53-data"
          ]
        }
      ]
    },
    {
      "mode": "managed",
      "type": "aws_cloudfront_distribution",
      "name": "s3_distribution",
      "provider": "provider[\"registry.terraform.io/hashicorp/aws\"]",
      "instances": [
        {
          "schema_version": 1,
          "attributes": {
            "aliases": [
              "sumcloud.net",
              "www.sumcloud.net"
            ],
            "arn": "arn:aws:cloudfront::975955791414:distribution/E2D86BEGO0AY1G",
            "caller_reference": "terraform-20240926042000219100000003",
            "comment": "Capstone Final Cloudfront Distribution",
            "custom_error_response": [],
            "default_cache_behavior": [
              {
                "allowed_methods": [
                  "GET",
                  "HEAD"
                ],
                "cache_policy_id": "",
                "cached_methods": [
                  "GET",
                  "HEAD"
                ],
                "compress": true,
                "default_ttl": 86400,
                "field_level_encryption_id": "",
                "forwarded_values": [
                  {
                    "cookies": [
                      {
                        "forward": "none",
                        "whitelisted_names": []
                      }
                    ],
                    "headers": [],
                    "query_string": false,
                    "query_string_cache_keys": []
                  }
                ],
                "function_association": [],
                "lambda_function_association": [],
                "max_ttl": 31536000,
                "min_ttl": 0,
                "origin_request_policy_id": "",
                "realtime_log_config_arn": "",
                "response_headers_policy_id": "",
                "smooth_streaming": false,
                "target_origin_id": "capstone-final-bucket-wgu",
                "trusted_key_groups": [],
                "trusted_signers": [],
                "viewer_protocol_policy": "redirect-to-https"
              }
            ],
            "default_root_object": "index.html",
            "domain_name": "d1zrodpl7a1vx8.cloudfront.net",
            "enabled": true,
            "etag": "E12VW9I73QJBJP",
            "hosted_zone_id": "Z2FDTNDATAQYW2",
            "http_version": "http2",
            "id": "E2D86BEGO0AY1G",
            "in_progress_validation_batches": 0,
            "is_ipv6_enabled": true,
            "last_modified_time": "2024-09-26 04:20:09.862 +0000 UTC",
            "logging_config": [],
            "ordered_cache_behavior": [],
            "origin": [
              {
                "connection_attempts": 3,
                "connection_timeout": 10,
                "custom_header": [],
                "custom_origin_config": [],
                "domain_name": "capstone-final-bucket-wgu.s3.us-west-2.amazonaws.com",
                "origin_access_control_id": "",
                "origin_id": "capstone-final-bucket-wgu",
                "origin_path": "",
                "origin_shield": [],
                "s3_origin_config": [
                  {
                    "origin_access_identity": "origin-access-identity/cloudfront/E1A9OS99O40XL8"
                  }
                ]
              }
            ],
            "origin_group": [],
            "price_class": "PriceClass_All",
            "restrictions": [
              {
                "geo_restriction": [
                  {
                    "locations": [
                      "US"
                    ],
                    "restriction_type": "whitelist"
                  }
                ]
              }
            ],
            "retain_on_delete": false,
            "status": "Deployed",
            "tags": {
              "Environment": "development"
            },
            "tags_all": {
              "Environment": "development"
            },
            "trusted_key_groups": [
              {
                "enabled": false,
                "items": []
              }
            ],
            "trusted_signers": [
              {
                "enabled": false,
                "items": []
              }
            ],
            "viewer_certificate": [
              {
                "acm_certificate_arn": "arn:aws:acm:us-east-1:975955791414:certificate/32623879-4ccd-43a4-b1e9-7d19fe71ccab",
                "cloudfront_default_certificate": false,
                "iam_certificate_id": "",
                "minimum_protocol_version": "TLSv1.2_2021",
                "ssl_support_method": "sni-only"
              }
            ],
            "wait_for_deployment": true,
            "web_acl_id": "arn:aws:wafv2:us-east-1:975955791414:global/webacl/sum-cloud-web-acl-capstone/8a889382-c8d6-45a1-b029-82368b70389f"
          },
          "sensitive_attributes": [],
          "private": "eyJzY2hlbWFfdmVyc2lvbiI6IjEifQ==",
          "dependencies": [
            "aws_acm_certificate.acm-certificate",
            "aws_cloudfront_origin_access_identity.oai",
            "aws_s3_bucket.codepipeline_bucket",
            "aws_wafv2_web_acl.web_acl"
          ]
        }
      ]
    },
    {
      "mode": "managed",
      "type": "aws_cloudfront_origin_access_identity",
      "name": "oai",
      "provider": "provider[\"registry.terraform.io/hashicorp/aws\"]",
      "instances": [
        {
          "schema_version": 0,
          "attributes": {
            "caller_reference": "terraform-20240926041953023400000001",
            "cloudfront_access_identity_path": "origin-access-identity/cloudfront/E1A9OS99O40XL8",
            "comment": "OAI for my S3 bucket",
            "etag": "E1HGUN5UNOBVIN",
            "iam_arn": "arn:aws:iam::cloudfront:user/CloudFront Origin Access Identity E1A9OS99O40XL8",
            "id": "E1A9OS99O40XL8",
            "s3_canonical_user_id": "815e1c1df28e2309cb784b9ecca34126e600d48c0cc12089633d5bdc259419a4dc5b8848c8c41833b8db5cff759bfb1c"
          },
          "sensitive_attributes": [],
          "private": "bnVsbA=="
        }
      ]
    },
    {
      "mode": "managed",
      "type": "aws_codepipeline",
      "name": "codepipeline",
      "provider": "provider[\"registry.terraform.io/hashicorp/aws\"]",
      "instances": [
        {
          "schema_version": 0,
          "attributes": {
            "arn": "arn:aws:codepipeline:us-west-2:975955791414:my-capstone-final-codepipeline",
            "artifact_store": [
              {
                "encryption_key": [],
                "location": "capstone-final-bucket-wgu",
                "region": "",
                "type": "S3"
              }
            ],
            "id": "my-capstone-final-codepipeline",
            "name": "my-capstone-final-codepipeline",
            "role_arn": "arn:aws:iam::975955791414:role/codepipeline-role",
            "stage": [
              {
                "action": [
                  {
                    "category": "Source",
                    "configuration": {
                      "BranchName": "main",
                      "ConnectionArn": "arn:aws:codestar-connections:us-west-2:975955791414:connection/32cc9212-a76f-4af8-a604-2a3abc5aac11",
                      "FullRepositoryId": "JordanSum/Sum-Cloud-V0.10"
                    },
                    "input_artifacts": null,
                    "name": "Source",
                    "namespace": "",
                    "output_artifacts": [
                      "source_output"
                    ],
                    "owner": "AWS",
                    "provider": "CodeStarSourceConnection",
                    "region": "",
                    "role_arn": "",
                    "run_order": 1,
                    "version": "1"
                  }
                ],
                "name": "Source"
              },
              {
                "action": [
                  {
                    "category": "Deploy",
                    "configuration": {
                      "BucketName": "capstone-final-bucket-wgu",
                      "Extract": "true"
                    },
                    "input_artifacts": [
                      "source_output"
                    ],
                    "name": "S3Deploy",
                    "namespace": "",
                    "output_artifacts": null,
                    "owner": "AWS",
                    "provider": "S3",
                    "region": "",
                    "role_arn": "",
                    "run_order": 1,
                    "version": "1"
                  }
                ],
                "name": "Deploy"
              }
            ],
            "tags": null,
            "tags_all": {}
          },
          "sensitive_attributes": [],
          "private": "bnVsbA==",
          "dependencies": [
            "aws_codestarconnections_connection.git_cloud",
            "aws_iam_role.codepipeline_role",
            "aws_s3_bucket.codepipeline_bucket"
          ]
        }
      ]
    },
    {
      "mode": "managed",
      "type": "aws_codestarconnections_connection",
      "name": "git_cloud",
      "provider": "provider[\"registry.terraform.io/hashicorp/aws\"]",
      "instances": [
        {
          "schema_version": 0,
          "attributes": {
            "arn": "arn:aws:codestar-connections:us-west-2:975955791414:connection/32cc9212-a76f-4af8-a604-2a3abc5aac11",
            "connection_status": "PENDING",
            "host_arn": "",
            "id": "arn:aws:codestar-connections:us-west-2:975955791414:connection/32cc9212-a76f-4af8-a604-2a3abc5aac11",
            "name": "Capstone-Final-Pipeline-Demo",
            "provider_type": "GitHub",
            "tags": null,
            "tags_all": {}
          },
          "sensitive_attributes": [],
          "private": "bnVsbA=="
        }
      ]
    },
    {
      "mode": "managed",
      "type": "aws_iam_role",
      "name": "codepipeline_role",
      "provider": "provider[\"registry.terraform.io/hashicorp/aws\"]",
      "instances": [
        {
          "schema_version": 0,
          "attributes": {
            "arn": "arn:aws:iam::975955791414:role/codepipeline-role",
            "assume_role_policy": "{\"Statement\":[{\"Action\":\"sts:AssumeRole\",\"Effect\":\"Allow\",\"Principal\":{\"Service\":\"codepipeline.amazonaws.com\"}}],\"Version\":\"2012-10-17\"}",
            "create_date": "2024-09-26T04:19:52Z",
            "description": "",
            "force_detach_policies": false,
            "id": "codepipeline-role",
            "inline_policy": [],
            "managed_policy_arns": [],
            "max_session_duration": 3600,
            "name": "codepipeline-role",
            "name_prefix": "",
            "path": "/",
            "permissions_boundary": null,
            "role_last_used": [
              {
                "last_used_date": "",
                "region": ""
              }
            ],
            "tags": null,
            "tags_all": {},
            "unique_id": "AROA6GO37RY3G24NFSNMG"
          },
          "sensitive_attributes": [],
          "private": "bnVsbA=="
        }
      ]
    },
    {
      "mode": "managed",
      "type": "aws_iam_role_policy",
      "name": "codepipeline_policy",
      "provider": "provider[\"registry.terraform.io/hashicorp/aws\"]",
      "instances": [
        {
          "schema_version": 0,
          "attributes": {
            "id": "codepipeline-role:terraform-20240926041953774100000002",
            "name": "terraform-20240926041953774100000002",
            "name_prefix": null,
            "policy": "{\"Version\":\"2012-10-17\",\"Statement\":[{\"Action\":[\"s3:*\",\"codestar-connections:UseConnection\",\"codebuild:*\",\"codepipeline:*\",\"iam:PassRole\"],\"Effect\":\"Allow\",\"Resource\":\"*\"}]}",
            "role": "codepipeline-role"
          },
          "sensitive_attributes": [],
          "private": "bnVsbA==",
          "dependencies": [
            "aws_iam_role.codepipeline_role"
          ]
        }
      ]
    },
    {
      "mode": "managed",
      "type": "aws_route53_record",
      "name": "cert-validation",
      "provider": "provider[\"registry.terraform.io/hashicorp/aws\"].us_west_2",
      "instances": [
        {
          "index_key": "sumcloud.net",
          "schema_version": 2,
          "attributes": {
            "alias": [],
            "allow_overwrite": true,
            "cidr_routing_policy": [],
            "failover_routing_policy": [],
            "fqdn": "_ecedcc3999d0f1ae08d6e5d68fe61011.sumcloud.net",
            "geolocation_routing_policy": [],
            "health_check_id": "",
            "id": "Z04144663DGNHP72V86G6__ecedcc3999d0f1ae08d6e5d68fe61011.sumcloud.net._CNAME",
            "latency_routing_policy": [],
            "multivalue_answer_routing_policy": false,
            "name": "_ecedcc3999d0f1ae08d6e5d68fe61011.sumcloud.net",
            "records": [
              "_f77bd4cf698571c8b1e03b0460ebb1c4.mhbtsbpdnt.acm-validations.aws."
            ],
            "set_identifier": "",
            "ttl": 60,
            "type": "CNAME",
            "weighted_routing_policy": [],
            "zone_id": "Z04144663DGNHP72V86G6"
          },
          "sensitive_attributes": [],
          "private": "eyJzY2hlbWFfdmVyc2lvbiI6IjIifQ==",
          "dependencies": [
            "aws_acm_certificate.acm-certificate",
            "data.aws_route53_zone.Route53-data"
          ]
        },
        {
          "index_key": "www.sumcloud.net",
          "schema_version": 2,
          "attributes": {
            "alias": [],
            "allow_overwrite": true,
            "cidr_routing_policy": [],
            "failover_routing_policy": [],
            "fqdn": "_daed17cc51bcdcb434d23f1b4dbb627c.www.sumcloud.net",
            "geolocation_routing_policy": [],
            "health_check_id": "",
            "id": "Z04144663DGNHP72V86G6__daed17cc51bcdcb434d23f1b4dbb627c.www.sumcloud.net._CNAME",
            "latency_routing_policy": [],
            "multivalue_answer_routing_policy": false,
            "name": "_daed17cc51bcdcb434d23f1b4dbb627c.www.sumcloud.net",
            "records": [
              "_ac5d6d9741f14001e9a041e2fc633837.mhbtsbpdnt.acm-validations.aws."
            ],
            "set_identifier": "",
            "ttl": 60,
            "type": "CNAME",
            "weighted_routing_policy": [],
            "zone_id": "Z04144663DGNHP72V86G6"
          },
          "sensitive_attributes": [],
          "private": "eyJzY2hlbWFfdmVyc2lvbiI6IjIifQ==",
          "dependencies": [
            "aws_acm_certificate.acm-certificate",
            "data.aws_route53_zone.Route53-data"
          ]
        }
      ]
    },
    {
      "mode": "managed",
      "type": "aws_route53_record",
      "name": "cloudfront_alias",
      "provider": "provider[\"registry.terraform.io/hashicorp/aws\"]",
      "instances": [
        {
          "schema_version": 2,
          "attributes": {
            "alias": [
              {
                "evaluate_target_health": false,
                "name": "d1zrodpl7a1vx8.cloudfront.net",
                "zone_id": "Z2FDTNDATAQYW2"
              }
            ],
            "allow_overwrite": null,
            "cidr_routing_policy": [],
            "failover_routing_policy": [],
            "fqdn": "sumcloud.net",
            "geolocation_routing_policy": [],
            "health_check_id": "",
            "id": "Z04144663DGNHP72V86G6_sumcloud.net_A",
            "latency_routing_policy": [],
            "multivalue_answer_routing_policy": false,
            "name": "sumcloud.net",
            "records": null,
            "set_identifier": "",
            "ttl": 0,
            "type": "A",
            "weighted_routing_policy": [],
            "zone_id": "Z04144663DGNHP72V86G6"
          },
          "sensitive_attributes": [
            [
              {
                "type": "get_attr",
                "value": "zone_id"
              }
            ]
          ],
          "private": "eyJzY2hlbWFfdmVyc2lvbiI6IjIifQ==",
          "dependencies": [
            "aws_acm_certificate.acm-certificate",
            "aws_cloudfront_distribution.s3_distribution",
            "aws_cloudfront_origin_access_identity.oai",
            "aws_s3_bucket.codepipeline_bucket",
            "aws_wafv2_web_acl.web_acl"
          ]
        }
      ]
    },
    {
      "mode": "managed",
      "type": "aws_route53_record",
      "name": "cloudfront_alt_alias",
      "provider": "provider[\"registry.terraform.io/hashicorp/aws\"]",
      "instances": [
        {
          "schema_version": 2,
          "attributes": {
            "alias": [
              {
                "evaluate_target_health": false,
                "name": "d1zrodpl7a1vx8.cloudfront.net",
                "zone_id": "Z2FDTNDATAQYW2"
              }
            ],
            "allow_overwrite": null,
            "cidr_routing_policy": [],
            "failover_routing_policy": [],
            "fqdn": "www.sumcloud.net",
            "geolocation_routing_policy": [],
            "health_check_id": "",
            "id": "Z04144663DGNHP72V86G6_www.sumcloud.net_A",
            "latency_routing_policy": [],
            "multivalue_answer_routing_policy": false,
            "name": "www.sumcloud.net",
            "records": null,
            "set_identifier": "",
            "ttl": 0,
            "type": "A",
            "weighted_routing_policy": [],
            "zone_id": "Z04144663DGNHP72V86G6"
          },
          "sensitive_attributes": [
            [
              {
                "type": "get_attr",
                "value": "zone_id"
              }
            ]
          ],
          "private": "eyJzY2hlbWFfdmVyc2lvbiI6IjIifQ==",
          "dependencies": [
            "aws_acm_certificate.acm-certificate",
            "aws_cloudfront_distribution.s3_distribution",
            "aws_cloudfront_origin_access_identity.oai",
            "aws_s3_bucket.codepipeline_bucket",
            "aws_wafv2_web_acl.web_acl"
          ]
        }
      ]
    },
    {
      "mode": "managed",
      "type": "aws_s3_bucket",
      "name": "codepipeline_bucket",
      "provider": "provider[\"registry.terraform.io/hashicorp/aws\"]",
      "instances": [
        {
          "schema_version": 0,
          "attributes": {
            "acceleration_status": "",
            "acl": null,
            "arn": "arn:aws:s3:::capstone-final-bucket-wgu",
            "bucket": "capstone-final-bucket-wgu",
            "bucket_domain_name": "capstone-final-bucket-wgu.s3.amazonaws.com",
            "bucket_prefix": "",
            "bucket_regional_domain_name": "capstone-final-bucket-wgu.s3.us-west-2.amazonaws.com",
            "cors_rule": [],
            "force_destroy": false,
            "grant": [
              {
                "id": "faab3ada172cd3ef98d696085c8cc31ed00430a94cc3ae827aa193c90314c54f",
                "permissions": [
                  "FULL_CONTROL"
                ],
                "type": "CanonicalUser",
                "uri": ""
              }
            ],
            "hosted_zone_id": "Z3BJ6K6RIION7M",
            "id": "capstone-final-bucket-wgu",
            "lifecycle_rule": [],
            "logging": [],
            "object_lock_configuration": [],
            "object_lock_enabled": false,
            "policy": "",
            "region": "us-west-2",
            "replication_configuration": [],
            "request_payer": "BucketOwner",
            "server_side_encryption_configuration": [
              {
                "rule": [
                  {
                    "apply_server_side_encryption_by_default": [
                      {
                        "kms_master_key_id": "",
                        "sse_algorithm": "AES256"
                      }
                    ],
                    "bucket_key_enabled": false
                  }
                ]
              }
            ],
            "tags": null,
            "tags_all": {},
            "timeouts": null,
            "versioning": [
              {
                "enabled": false,
                "mfa_delete": false
              }
            ],
            "website": [],
            "website_domain": null,
            "website_endpoint": null
          },
          "sensitive_attributes": [],
          "private": "eyJlMmJmYjczMC1lY2FhLTExZTYtOGY4OC0zNDM2M2JjN2M0YzAiOnsiY3JlYXRlIjoxMjAwMDAwMDAwMDAwLCJkZWxldGUiOjM2MDAwMDAwMDAwMDAsInJlYWQiOjEyMDAwMDAwMDAwMDAsInVwZGF0ZSI6MTIwMDAwMDAwMDAwMH19"
        }
      ]
    },
    {
      "mode": "managed",
      "type": "aws_s3_bucket_policy",
      "name": "my_bucket_policy",
      "provider": "provider[\"registry.terraform.io/hashicorp/aws\"]",
      "instances": [
        {
          "schema_version": 0,
          "attributes": {
            "bucket": "capstone-final-bucket-wgu",
            "id": "capstone-final-bucket-wgu",
            "policy": "{\"Statement\":[{\"Action\":\"s3:GetObject\",\"Effect\":\"Allow\",\"Principal\":{\"AWS\":\"arn:aws:iam::cloudfront:user/CloudFront Origin Access Identity E1A9OS99O40XL8\"},\"Resource\":\"arn:aws:s3:::capstone-final-bucket-wgu/*\"}],\"Version\":\"2012-10-17\"}"
          },
          "sensitive_attributes": [],
          "private": "bnVsbA==",
          "dependencies": [
            "aws_cloudfront_origin_access_identity.oai",
            "aws_s3_bucket.codepipeline_bucket"
          ]
        }
      ]
    },
    {
      "mode": "managed",
      "type": "aws_s3_bucket_public_access_block",
      "name": "codepipeline_bucket_pab",
      "provider": "provider[\"registry.terraform.io/hashicorp/aws\"]",
      "instances": [
        {
          "schema_version": 0,
          "attributes": {
            "block_public_acls": true,
            "block_public_policy": true,
            "bucket": "capstone-final-bucket-wgu",
            "id": "capstone-final-bucket-wgu",
            "ignore_public_acls": true,
            "restrict_public_buckets": true
          },
          "sensitive_attributes": [],
          "private": "bnVsbA==",
          "dependencies": [
            "aws_s3_bucket.codepipeline_bucket"
          ]
        }
      ]
    },
    {
      "mode": "managed",
      "type": "aws_wafv2_web_acl",
      "name": "web_acl",
      "provider": "provider[\"registry.terraform.io/hashicorp/aws\"].global",
      "instances": [
        {
          "schema_version": 0,
          "attributes": {
            "arn": "arn:aws:wafv2:us-east-1:975955791414:global/webacl/sum-cloud-web-acl-capstone/8a889382-c8d6-45a1-b029-82368b70389f",
            "capacity": 10,
            "captcha_config": [],
            "custom_response_body": [],
            "default_action": [
              {
                "allow": [
                  {
                    "custom_request_handling": []
                  }
                ],
                "block": []
              }
            ],
            "description": "WAF Web ACL For CloudFront Capstone Project",
            "id": "8a889382-c8d6-45a1-b029-82368b70389f",
            "lock_token": "978eec98-20ae-4a8c-8fd2-86df95fc2f6a",
            "name": "sum-cloud-web-acl-capstone",
            "rule": [
              {
                "action": [
                  {
                    "allow": [],
                    "block": [
                      {
                        "custom_response": []
                      }
                    ],
                    "captcha": [],
                    "challenge": [],
                    "count": []
                  }
                ],
                "captcha_config": [],
                "name": "bad-bot-rule",
                "override_action": [],
                "priority": 1,
                "rule_label": [],
                "statement": [
                  {
                    "and_statement": [],
                    "byte_match_statement": [
                      {
                        "field_to_match": [
                          {
                            "all_query_arguments": [],
                            "body": [],
                            "cookies": [],
                            "headers": [],
                            "json_body": [],
                            "method": [],
                            "query_string": [],
                            "single_header": [],
                            "single_query_argument": [],
                            "uri_path": [
                              {}
                            ]
                          }
                        ],
                        "positional_constraint": "CONTAINS",
                        "search_string": "bad-bot",
                        "text_transformation": [
                          {
                            "priority": 0,
                            "type": "NONE"
                          }
                        ]
                      }
                    ],
                    "geo_match_statement": [],
                    "ip_set_reference_statement": [],
                    "label_match_statement": [],
                    "managed_rule_group_statement": [],
                    "not_statement": [],
                    "or_statement": [],
                    "rate_based_statement": [],
                    "regex_match_statement": [],
                    "regex_pattern_set_reference_statement": [],
                    "rule_group_reference_statement": [],
                    "size_constraint_statement": [],
                    "sqli_match_statement": [],
                    "xss_match_statement": []
                  }
                ],
                "visibility_config": [
                  {
                    "cloudwatch_metrics_enabled": true,
                    "metric_name": "WAFMetric",
                    "sampled_requests_enabled": true
                  }
                ]
              }
            ],
            "scope": "CLOUDFRONT",
            "tags": null,
            "tags_all": {},
            "token_domains": null,
            "visibility_config": [
              {
                "cloudwatch_metrics_enabled": true,
                "metric_name": "CloudWatchMetric",
                "sampled_requests_enabled": true
              }
            ]
          },
          "sensitive_attributes": [],
          "private": "bnVsbA=="
        }
      ]
    }
  ],
  "check_results": null
}
